
Microsoft Visual Studio Solution File, Format Version 12.00
# Visual Studio Version 17
VisualStudioVersion = 17.11.35312.102
MinimumVisualStudioVersion = 10.0.40219.1
Project("{FAE04EC0-301F-11D3-BF4B-00C04F79EFBC}") = "e5", "e5\e5.csproj", "{27EE5434-BF4F-4E4E-9071-B9AFD18DC7BE}"
EndProject
Global
	GlobalSection(SolutionConfigurationPlatforms) = preSolution
		Debug|Any CPU = Debug|Any CPU
		Release|Any CPU = Release|Any CPU
	EndGlobalSection
	GlobalSection(ProjectConfigurationPlatforms) = postSolution
		{27EE5434-BF4F-4E4E-9071-B9AFD18DC7BE}.Debug|Any CPU.ActiveCfg = Debug|Any CPU
		{27EE5434-BF4F-4E4E-9071-B9AFD18DC7BE}.Debug|Any CPU.Build.0 = Debug|Any CPU
		{27EE5434-BF4F-4E4E-9071-B9AFD18DC7BE}.Release|Any CPU.ActiveCfg = Release|Any CPU
		{27EE5434-BF4F-4E4E-9071-B9AFD18DC7BE}.Release|Any CPU.Build.0 = Release|Any CPU
	EndGlobalSection
	GlobalSection(SolutionProperties) = preSolution
		HideSolutionNode = FALSE
	EndGlobalSection
	GlobalSection(ExtensibilityGlobals) = postSolution
		SolutionGuid = {AE2451D4-B6B4-4CCB-A80E-89202E8BED6B}
	EndGlobalSection
EndGlobal
